// !$*UTF8*$!
{
	archiveVersion = 1;
	classes = {
	};
	objectVersion = 56;
	objects = {

/* Begin PBXBuildFile section */
		EA7BC1DA2B1102BC00990428 /* movieDB_gyakApp.swift in Sources */ = {isa = PBXBuildFile; fileRef = EA7BC1D92B1102BC00990428 /* movieDB_gyakApp.swift */; };
		EA7BC1DC2B1102BC00990428 /* MainView.swift in Sources */ = {isa = PBXBuildFile; fileRef = EA7BC1DB2B1102BC00990428 /* MainView.swift */; };
		EA7BC1DE2B1102BE00990428 /* Assets.xcassets in Resources */ = {isa = PBXBuildFile; fileRef = EA7BC1DD2B1102BE00990428 /* Assets.xcassets */; };
		EA7BC1E12B1102BE00990428 /* Preview Assets.xcassets in Resources */ = {isa = PBXBuildFile; fileRef = EA7BC1E02B1102BE00990428 /* Preview Assets.xcassets */; };
		EA7BC1EB2B11042200990428 /* MovieDBClient.swift in Sources */ = {isa = PBXBuildFile; fileRef = EA7BC1EA2B11042200990428 /* MovieDBClient.swift */; };
		EA7BC1ED2B1107D900990428 /* NowPlayingResponse.swift in Sources */ = {isa = PBXBuildFile; fileRef = EA7BC1EC2B1107D900990428 /* NowPlayingResponse.swift */; };
		EA7BC1EF2B11175E00990428 /* DetailView.swift in Sources */ = {isa = PBXBuildFile; fileRef = EA7BC1EE2B11175E00990428 /* DetailView.swift */; };
/* End PBXBuildFile section */

/* Begin PBXFileReference section */
		EA7BC1D62B1102BC00990428 /* movieDB_gyak.app */ = {isa = PBXFileReference; explicitFileType = wrapper.application; includeInIndex = 0; path = movieDB_gyak.app; sourceTree = BUILT_PRODUCTS_DIR; };
		EA7BC1D92B1102BC00990428 /* movieDB_gyakApp.swift */ = {isa = PBXFileReference; lastKnownFileType = sourcecode.swift; path = movieDB_gyakApp.swift; sourceTree = "<group>"; };
		EA7BC1DB2B1102BC00990428 /* MainView.swift */ = {isa = PBXFileReference; lastKnownFileType = sourcecode.swift; path = MainView.swift; sourceTree = "<group>"; };
		EA7BC1DD2B1102BE00990428 /* Assets.xcassets */ = {isa = PBXFileReference; lastKnownFileType = folder.assetcatalog; path = Assets.xcassets; sourceTree = "<group>"; };
		EA7BC1E02B1102BE00990428 /* Preview Assets.xcassets */ = {isa = PBXFileReference; lastKnownFileType = folder.assetcatalog; path = "Preview Assets.xcassets"; sourceTree = "<group>"; };
		EA7BC1EA2B11042200990428 /* MovieDBClient.swift */ = {isa = PBXFileReference; lastKnownFileType = sourcecode.swift; path = MovieDBClient.swift; sourceTree = "<group>"; };
		EA7BC1EC2B1107D900990428 /* NowPlayingResponse.swift */ = {isa = PBXFileReference; lastKnownFileType = sourcecode.swift; path = NowPlayingResponse.swift; sourceTree = "<group>"; };
		EA7BC1EE2B11175E00990428 /* DetailView.swift */ = {isa = PBXFileReference; lastKnownFileType = sourcecode.swift; path = DetailView.swift; sourceTree = "<group>"; };
/* End PBXFileReference section */

/* Begin PBXFrameworksBuildPhase section */
		EA7BC1D32B1102BC00990428 /* Frameworks */ = {
			isa = PBXFrameworksBuildPhase;
			buildActionMask = 2147483647;
			files = (
			);
			runOnlyForDeploymentPostprocessing = 0;
		};
/* End PBXFrameworksBuildPhase section */

/* Begin PBXGroup section */
		EA7BC1CD2B1102BC00990428 = {
			isa = PBXGroup;
			children = (
				EA7BC1D82B1102BC00990428 /* movieDB_gyak */,
				EA7BC1D72B1102BC00990428 /* Products */,
			);
			sourceTree = "<group>";
		};
		EA7BC1D72B1102BC00990428 /* Products */ = {
			isa = PBXGroup;
			children = (
				EA7BC1D62B1102BC00990428 /* movieDB_gyak.app */,
			);
			name = Products;
			sourceTree = "<group>";
		};
		EA7BC1D82B1102BC00990428 /* movieDB_gyak */ = {
			isa = PBXGroup;
			children = (
				EA7BC1D92B1102BC00990428 /* movieDB_gyakApp.swift */,
				EA7BC1E92B1103D000990428 /* Managers */,
				EA7BC1E82B1103BA00990428 /* DataModel */,
				EA7BC1E72B11039F00990428 /* Views */,
				EA7BC1DD2B1102BE00990428 /* Assets.xcassets */,
				EA7BC1DF2B1102BE00990428 /* Preview Content */,
			);
			path = movieDB_gyak;
			sourceTree = "<group>";
		};
		EA7BC1DF2B1102BE00990428 /* Preview Content */ = {
			isa = PBXGroup;
			children = (
				EA7BC1E02B1102BE00990428 /* Preview Assets.xcassets */,
			);
			path = "Preview Content";
			sourceTree = "<group>";
		};
		EA7BC1E72B11039F00990428 /* Views */ = {
			isa = PBXGroup;
			children = (
				EA7BC1DB2B1102BC00990428 /* MainView.swift */,
				EA7BC1EE2B11175E00990428 /* DetailView.swift */,
			);
			path = Views;
			sourceTree = "<group>";
		};
		EA7BC1E82B1103BA00990428 /* DataModel */ = {
			isa = PBXGroup;
			children = (
				EA7BC1EC2B1107D900990428 /* NowPlayingResponse.swift */,
			);
			path = DataModel;
			sourceTree = "<group>";
		};
		EA7BC1E92B1103D000990428 /* Managers */ = {
			isa = PBXGroup;
			children = (
				EA7BC1EA2B11042200990428 /* MovieDBClient.swift */,
			);
			path = Managers;
			sourceTree = "<group>";
		};
/* End PBXGroup section */

/* Begin PBXNativeTarget section */
		EA7BC1D52B1102BC00990428 /* movieDB_gyak */ = {
			isa = PBXNativeTarget;
			buildConfigurationList = EA7BC1E42B1102BE00990428 /* Build configuration list for PBXNativeTarget "movieDB_gyak" */;
			buildPhases = (
				EA7BC1D22B1102BC00990428 /* Sources */,
				EA7BC1D32B1102BC00990428 /* Frameworks */,
				EA7BC1D42B1102BC00990428 /* Resources */,
			);
			buildRules = (
			);
			dependencies = (
			);
			name = movieDB_gyak;
			productName = movieDB_gyak;
			productReference = EA7BC1D62B1102BC00990428 /* movieDB_gyak.app */;
			productType = "com.apple.product-type.application";
		};
/* End PBXNativeTarget section */

/* Begin PBXProject section */
		EA7BC1CE2B1102BC00990428 /* Project object */ = {
			isa = PBXProject;
			attributes = {
				BuildIndependentTargetsInParallel = 1;
				LastSwiftUpdateCheck = 1500;
				LastUpgradeCheck = 1500;
				TargetAttributes = {
					EA7BC1D52B1102BC00990428 = {
						CreatedOnToolsVersion = 15.0.1;
					};
				};
			};
			buildConfigurationList = EA7BC1D12B1102BC00990428 /* Build configuration list for PBXProject "movieDB_gyak" */;
			compatibilityVersion = "Xcode 14.0";
			developmentRegion = en;
			hasScannedForEncodings = 0;
			knownRegions = (
				en,
				Base,
			);
			mainGroup = EA7BC1CD2B1102BC00990428;
			productRefGroup = EA7BC1D72B1102BC00990428 /* Products */;
			projectDirPath = "";
			projectRoot = "";
			targets = (
				EA7BC1D52B1102BC00990428 /* movieDB_gyak */,
			);
		};
/* End PBXProject section */

/* Begin PBXResourcesBuildPhase section */
		EA7BC1D42B1102BC00990428 /* Resources */ = {
			isa = PBXResourcesBuildPhase;
			buildActionMask = 2147483647;
			files = (
				EA7BC1E12B1102BE00990428 /* Preview Assets.xcassets in Resources */,
				EA7BC1DE2B1102BE00990428 /* Assets.xcassets in Resources */,
			);
			runOnlyForDeploymentPostprocessing = 0;
		};
/* End PBXResourcesBuildPhase section */

/* Begin PBXSourcesBuildPhase section */
		EA7BC1D22B1102BC00990428 /* Sources */ = {
			isa = PBXSourcesBuildPhase;
			buildActionMask = 2147483647;
			files = (
				EA7BC1EB2B11042200990428 /* MovieDBClient.swift in Sources */,
				EA7BC1DC2B1102BC00990428 /* MainView.swift in Sources */,
				EA7BC1ED2B1107D900990428 /* NowPlayingResponse.swift in Sources */,
				EA7BC1EF2B11175E00990428 /* DetailView.swift in Sources */,
				EA7BC1DA2B1102BC00990428 /* movieDB_gyakApp.swift in Sources */,
			);
			runOnlyForDeploymentPostprocessing = 0;
		};
/* End PBXSourcesBuildPhase section */

/* Begin XCBuildConfiguration section */
		EA7BC1E22B1102BE00990428 /* Debug */ = {
			isa = XCBuildConfiguration;
			buildSettings = {
				ALWAYS_SEARCH_USER_PATHS = NO;
				ASSETCATALOG_COMPILER_GENERATE_SWIFT_ASSET_SYMBOL_EXTENSIONS = YES;
				CLANG_ANALYZER_NONNULL = YES;
				CLANG_ANALYZER_NUMBER_OBJECT_CONVERSION = YES_AGGRESSIVE;
				CLANG_CXX_LANGUAGE_STANDARD = "gnu++20";
				CLANG_ENABLE_MODULES = YES;
				CLANG_ENABLE_OBJC_ARC = YES;
				CLANG_ENABLE_OBJC_WEAK = YES;
				CLANG_WARN_BLOCK_CAPTURE_AUTORELEASING = YES;
				CLANG_WARN_BOOL_CONVERSION = YES;
				CLANG_WARN_COMMA = YES;
				CLANG_WARN_CONSTANT_CONVERSION = YES;
				CLANG_WARN_DEPRECATED_OBJC_IMPLEMENTATIONS = YES;
				CLANG_WARN_DIRECT_OBJC_ISA_USAGE = YES_ERROR;
				CLANG_WARN_DOCUMENTATION_COMMENTS = YES;
				CLANG_WARN_EMPTY_BODY = YES;
				CLANG_WARN_ENUM_CONVERSION = YES;
				CLANG_WARN_INFINITE_RECURSION = YES;
				CLANG_WARN_INT_CONVERSION = YES;
				CLANG_WARN_NON_LITERAL_NULL_CONVERSION = YES;
				CLANG_WARN_OBJC_IMPLICIT_RETAIN_SELF = YES;
				CLANG_WARN_OBJC_LITERAL_CONVERSION = YES;
				CLANG_WARN_OBJC_ROOT_CLASS = YES_ERROR;
				CLANG_WARN_QUOTED_INCLUDE_IN_FRAMEWORK_HEADER = YES;
				CLANG_WARN_RANGE_LOOP_ANALYSIS = YES;
				CLANG_WARN_STRICT_PROTOTYPES = YES;
				CLANG_WARN_SUSPICIOUS_MOVE = YES;
				CLANG_WARN_UNGUARDED_AVAILABILITY = YES_AGGRESSIVE;
				CLANG_WARN_UNREACHABLE_CODE = YES;
				CLANG_WARN__DUPLICATE_METHOD_MATCH = YES;
				COPY_PHASE_STRIP = NO;
				DEBUG_INFORMATION_FORMAT = dwarf;
				ENABLE_STRICT_OBJC_MSGSEND = YES;
				ENABLE_TESTABILITY = YES;
				ENABLE_USER_SCRIPT_SANDBOXING = YES;
				GCC_C_LANGUAGE_STANDARD = gnu17;
				GCC_DYNAMIC_NO_PIC = NO;
				GCC_NO_COMMON_BLOCKS = YES;
				GCC_OPTIMIZATION_LEVEL = 0;
				GCC_PREPROCESSOR_DEFINITIONS = (
					"DEBUG=1",
					"$(inherited)",
				);
				GCC_WARN_64_TO_32_BIT_CONVERSION = YES;
				GCC_WARN_ABOUT_RETURN_TYPE = YES_ERROR;
				GCC_WARN_UNDECLARED_SELECTOR = YES;
				GCC_WARN_UNINITIALIZED_AUTOS = YES_AGGRESSIVE;
				GCC_WARN_UNUSED_FUNCTION = YES;
				GCC_WARN_UNUSED_VARIABLE = YES;
				IPHONEOS_DEPLOYMENT_TARGET = 17.0;
				LOCALIZATION_PREFERS_STRING_CATALOGS = YES;
				MTL_ENABLE_DEBUG_INFO = INCLUDE_SOURCE;
				MTL_FAST_MATH = YES;
				ONLY_ACTIVE_ARCH = YES;
				SDKROOT = iphoneos;
				SWIFT_ACTIVE_COMPILATION_CONDITIONS = "DEBUG $(inherited)";
				SWIFT_OPTIMIZATION_LEVEL = "-Onone";
			};
			name = Debug;
		};
		EA7BC1E32B1102BE00990428 /* Release */ = {
			isa = XCBuildConfiguration;
			buildSettings = {
				ALWAYS_SEARCH_USER_PATHS = NO;
				ASSETCATALOG_COMPILER_GENERATE_SWIFT_ASSET_SYMBOL_EXTENSIONS = YES;
				CLANG_ANALYZER_NONNULL = YES;
				CLANG_ANALYZER_NUMBER_OBJECT_CONVERSION = YES_AGGRESSIVE;
				CLANG_CXX_LANGUAGE_STANDARD = "gnu++20";
				CLANG_ENABLE_MODULES = YES;
				CLANG_ENABLE_OBJC_ARC = YES;
				CLANG_ENABLE_OBJC_WEAK = YES;
				CLANG_WARN_BLOCK_CAPTURE_AUTORELEASING = YES;
				CLANG_WARN_BOOL_CONVERSION = YES;
				CLANG_WARN_COMMA = YES;
				CLANG_WARN_CONSTANT_CONVERSION = YES;
				CLANG_WARN_DEPRECATED_OBJC_IMPLEMENTATIONS = YES;
				CLANG_WARN_DIRECT_OBJC_ISA_USAGE = YES_ERROR;
				CLANG_WARN_DOCUMENTATION_COMMENTS = YES;
				CLANG_WARN_EMPTY_BODY = YES;
				CLANG_WARN_ENUM_CONVERSION = YES;
				CLANG_WARN_INFINITE_RECURSION = YES;
				CLANG_WARN_INT_CONVERSION = YES;
				CLANG_WARN_NON_LITERAL_NULL_CONVERSION = YES;
				CLANG_WARN_OBJC_IMPLICIT_RETAIN_SELF = YES;
				CLANG_WARN_OBJC_LITERAL_CONVERSION = YES;
				CLANG_WARN_OBJC_ROOT_CLASS = YES_ERROR;
				CLANG_WARN_QUOTED_INCLUDE_IN_FRAMEWORK_HEADER = YES;
				CLANG_WARN_RANGE_LOOP_ANALYSIS = YES;
				CLANG_WARN_STRICT_PROTOTYPES = YES;
				CLANG_WARN_SUSPICIOUS_MOVE = YES;
				CLANG_WARN_UNGUARDED_AVAILABILITY = YES_AGGRESSIVE;
				CLANG_WARN_UNREACHABLE_CODE = YES;
				CLANG_WARN__DUPLICATE_METHOD_MATCH = YES;
				COPY_PHASE_STRIP = NO;
				DEBUG_INFORMATION_FORMAT = "dwarf-with-dsym";
				ENABLE_NS_ASSERTIONS = NO;
				ENABLE_STRICT_OBJC_MSGSEND = YES;
				ENABLE_USER_SCRIPT_SANDBOXING = YES;
				GCC_C_LANGUAGE_STANDARD = gnu17;
				GCC_NO_COMMON_BLOCKS = YES;
				GCC_WARN_64_TO_32_BIT_CONVERSION = YES;
				GCC_WARN_ABOUT_RETURN_TYPE = YES_ERROR;
				GCC_WARN_UNDECLARED_SELECTOR = YES;
				GCC_WARN_UNINITIALIZED_AUTOS = YES_AGGRESSIVE;
				GCC_WARN_UNUSED_FUNCTION = YES;
				GCC_WARN_UNUSED_VARIABLE = YES;
				IPHONEOS_DEPLOYMENT_TARGET = 17.0;
				LOCALIZATION_PREFERS_STRING_CATALOGS = YES;
				MTL_ENABLE_DEBUG_INFO = NO;
				MTL_FAST_MATH = YES;
				SDKROOT = iphoneos;
				SWIFT_COMPILATION_MODE = wholemodule;
				VALIDATE_PRODUCT = YES;
			};
			name = Release;
		};
		EA7BC1E52B1102BE00990428 /* Debug */ = {
			isa = XCBuildConfiguration;
			buildSettings = {
				ASSETCATALOG_COMPILER_APPICON_NAME = AppIcon;
				ASSETCATALOG_COMPILER_GLOBAL_ACCENT_COLOR_NAME = AccentColor;
				CODE_SIGN_STYLE = Automatic;
				CURRENT_PROJECT_VERSION = 1;
				DEVELOPMENT_ASSET_PATHS = "\"movieDB_gyak/Preview Content\"";
				DEVELOPMENT_TEAM = 22SZ3CM9Q5;
				ENABLE_PREVIEWS = YES;
				GENERATE_INFOPLIST_FILE = YES;
				INFOPLIST_KEY_UIApplicationSceneManifest_Generation = YES;
				INFOPLIST_KEY_UIApplicationSupportsIndirectInputEvents = YES;
				INFOPLIST_KEY_UILaunchScreen_Generation = YES;
				INFOPLIST_KEY_UISupportedInterfaceOrientations_iPad = "UIInterfaceOrientationPortrait UIInterfaceOrientationPortraitUpsideDown UIInterfaceOrientationLandscapeLeft UIInterfaceOrientationLandscapeRight";
				INFOPLIST_KEY_UISupportedInterfaceOrientations_iPhone = "UIInterfaceOrientationPortrait UIInterfaceOrientationLandscapeLeft UIInterfaceOrientationLandscapeRight";
				LD_RUNPATH_SEARCH_PATHS = (
					"$(inherited)",
					"@executable_path/Frameworks",
				);
				MARKETING_VERSION = 1.0;
				PRODUCT_BUNDLE_IDENTIFIER = "mdf.movieDB-gyak";
				PRODUCT_NAME = "$(TARGET_NAME)";
				SWIFT_EMIT_LOC_STRINGS = YES;
				SWIFT_VERSION = 5.0;
				TARGETED_DEVICE_FAMILY = "1,2";
			};
			name = Debug;
		};
		EA7BC1E62B1102BE00990428 /* Release */ = {
			isa = XCBuildConfiguration;
			buildSettings = {
				ASSETCATALOG_COMPILER_APPICON_NAME = AppIcon;
				ASSETCATALOG_COMPILER_GLOBAL_ACCENT_COLOR_NAME = AccentColor;
				CODE_SIGN_STYLE = Automatic;
				CURRENT_PROJECT_VERSION = 1;
				DEVELOPMENT_ASSET_PATHS = "\"movieDB_gyak/Preview Content\"";
				DEVELOPMENT_TEAM = 22SZ3CM9Q5;
				ENABLE_PREVIEWS = YES;
				GENERATE_INFOPLIST_FILE = YES;
				INFOPLIST_KEY_UIApplicationSceneManifest_Generation = YES;
				INFOPLIST_KEY_UIApplicationSupportsIndirectInputEvents = YES;
				INFOPLIST_KEY_UILaunchScreen_Generation = YES;
				INFOPLIST_KEY_UISupportedInterfaceOrientations_iPad = "UIInterfaceOrientationPortrait UIInterfaceOrientationPortraitUpsideDown UIInterfaceOrientationLandscapeLeft UIInterfaceOrientationLandscapeRight";
				INFOPLIST_KEY_UISupportedInterfaceOrientations_iPhone = "UIInterfaceOrientationPortrait UIInterfaceOrientationLandscapeLeft UIInterfaceOrientationLandscapeRight";
				LD_RUNPATH_SEARCH_PATHS = (
					"$(inherited)",
					"@executable_path/Frameworks",
				);
				MARKETING_VERSION = 1.0;
				PRODUCT_BUNDLE_IDENTIFIER = "mdf.movieDB-gyak";
				PRODUCT_NAME = "$(TARGET_NAME)";
				SWIFT_EMIT_LOC_STRINGS = YES;
				SWIFT_VERSION = 5.0;
				TARGETED_DEVICE_FAMILY = "1,2";
			};
			name = Release;
		};
/* End XCBuildConfiguration section */

/* Begin XCConfigurationList section */
		EA7BC1D12B1102BC00990428 /* Build configuration list for PBXProject "movieDB_gyak" */ = {
			isa = XCConfigurationList;
			buildConfigurations = (
				EA7BC1E22B1102BE00990428 /* Debug */,
				EA7BC1E32B1102BE00990428 /* Release */,
			);
			defaultConfigurationIsVisible = 0;
			defaultConfigurationName = Release;
		};
		EA7BC1E42B1102BE00990428 /* Build configuration list for PBXNativeTarget "movieDB_gyak" */ = {
			isa = XCConfigurationList;
			buildConfigurations = (
				EA7BC1E52B1102BE00990428 /* Debug */,
				EA7BC1E62B1102BE00990428 /* Release */,
			);
			defaultConfigurationIsVisible = 0;
			defaultConfigurationName = Release;
		};
/* End XCConfigurationList section */
	};
	rootObject = EA7BC1CE2B1102BC00990428 /* Project object */;
}
